
Microsoft Visual Studio Solution File, Format Version 12.00
# Visual Studio Version 17
VisualStudioVersion = 17.7.34031.279
MinimumVisualStudioVersion = 10.0.40219.1
Project("{9A19103F-16F7-4668-BE54-9A1E7A4F7556}") = "Hotel", "ClassLibrary\Hotel.csproj", "{DA724ABF-ADDF-44BA-8259-14EF9670DAF9}"
EndProject
Project("{9A19103F-16F7-4668-BE54-9A1E7A4F7556}") = "UnitTest1", "UnitTest1\UnitTest1.csproj", "{0702D33D-DC99-4AB4-905E-87B264BA2508}"
EndProject
Project("{2150E333-8FDC-42A3-9474-1A3956D46DE8}") = "Solution Items", "Solution Items", "{F2985531-AF51-4DDA-A3C8-2F56A727B6CD}"
	ProjectSection(SolutionItems) = preProject
		.editorconfig = .editorconfig
	EndProjectSection
EndProject
Global
	GlobalSection(SolutionConfigurationPlatforms) = preSolution
		Debug|Any CPU = Debug|Any CPU
		Release|Any CPU = Release|Any CPU
	EndGlobalSection
	GlobalSection(ProjectConfigurationPlatforms) = postSolution
		{DA724ABF-ADDF-44BA-8259-14EF9670DAF9}.Debug|Any CPU.ActiveCfg = Debug|Any CPU
		{DA724ABF-ADDF-44BA-8259-14EF9670DAF9}.Debug|Any CPU.Build.0 = Debug|Any CPU
		{DA724ABF-ADDF-44BA-8259-14EF9670DAF9}.Release|Any CPU.ActiveCfg = Release|Any CPU
		{DA724ABF-ADDF-44BA-8259-14EF9670DAF9}.Release|Any CPU.Build.0 = Release|Any CPU
		{0702D33D-DC99-4AB4-905E-87B264BA2508}.Debug|Any CPU.ActiveCfg = Debug|Any CPU
		{0702D33D-DC99-4AB4-905E-87B264BA2508}.Debug|Any CPU.Build.0 = Debug|Any CPU
		{0702D33D-DC99-4AB4-905E-87B264BA2508}.Release|Any CPU.ActiveCfg = Release|Any CPU
		{0702D33D-DC99-4AB4-905E-87B264BA2508}.Release|Any CPU.Build.0 = Release|Any CPU
	EndGlobalSection
	GlobalSection(SolutionProperties) = preSolution
		HideSolutionNode = FALSE
	EndGlobalSection
	GlobalSection(ExtensibilityGlobals) = postSolution
		SolutionGuid = {B8020597-7156-4146-8741-8A0A3BEF6F0F}
	EndGlobalSection
EndGlobal
